// !$*UTF8*$!
{
	archiveVersion = 1;
	classes = {
	};
	objectVersion = 55;
	objects = {

/* Begin PBXBuildFile section */
		67173BEE2935FC1A005A3438 /* MainViewModel.swift in Sources */ = {isa = PBXBuildFile; fileRef = 67173BED2935FC1A005A3438 /* MainViewModel.swift */; };
		67173BF12935FC61005A3438 /* Dynamic.swift in Sources */ = {isa = PBXBuildFile; fileRef = 67173BF02935FC61005A3438 /* Dynamic.swift */; };
		67173C1B29365216005A3438 /* SearchResult.swift in Sources */ = {isa = PBXBuildFile; fileRef = 67173C1A29365215005A3438 /* SearchResult.swift */; };
		67173C1F29365261005A3438 /* NetworkService.swift in Sources */ = {isa = PBXBuildFile; fileRef = 67173C1E29365261005A3438 /* NetworkService.swift */; };
		67173C2129365267005A3438 /* NetworkDataFetcher.swift in Sources */ = {isa = PBXBuildFile; fileRef = 67173C2029365267005A3438 /* NetworkDataFetcher.swift */; };
		67E9DBBB29353B8500D9522E /* AppDelegate.swift in Sources */ = {isa = PBXBuildFile; fileRef = 67E9DBBA29353B8500D9522E /* AppDelegate.swift */; };
		67E9DBBD29353B8500D9522E /* SceneDelegate.swift in Sources */ = {isa = PBXBuildFile; fileRef = 67E9DBBC29353B8500D9522E /* SceneDelegate.swift */; };
		67E9DBBF29353B8500D9522E /* MainViewController.swift in Sources */ = {isa = PBXBuildFile; fileRef = 67E9DBBE29353B8500D9522E /* MainViewController.swift */; };
		67E9DBC429353B8900D9522E /* Assets.xcassets in Resources */ = {isa = PBXBuildFile; fileRef = 67E9DBC329353B8900D9522E /* Assets.xcassets */; };
		67E9DBC729353B8900D9522E /* LaunchScreen.storyboard in Resources */ = {isa = PBXBuildFile; fileRef = 67E9DBC529353B8900D9522E /* LaunchScreen.storyboard */; };
		67E9DBD1293544AE00D9522E /* Storyboarded.swift in Sources */ = {isa = PBXBuildFile; fileRef = 67E9DBD0293544AE00D9522E /* Storyboarded.swift */; };
		67E9DBD32935452100D9522E /* AppCoordinator.swift in Sources */ = {isa = PBXBuildFile; fileRef = 67E9DBD22935452100D9522E /* AppCoordinator.swift */; };
		67E9DBD529354CED00D9522E /* BigPhotoViewController.swift in Sources */ = {isa = PBXBuildFile; fileRef = 67E9DBD429354CED00D9522E /* BigPhotoViewController.swift */; };
/* End PBXBuildFile section */

/* Begin PBXFileReference section */
		67173BED2935FC1A005A3438 /* MainViewModel.swift */ = {isa = PBXFileReference; lastKnownFileType = sourcecode.swift; name = MainViewModel.swift; path = ../../../../../../../../Applications/MainViewModel.swift; sourceTree = "<group>"; };
		67173BF02935FC61005A3438 /* Dynamic.swift */ = {isa = PBXFileReference; lastKnownFileType = sourcecode.swift; path = Dynamic.swift; sourceTree = "<group>"; };
		67173C1A29365215005A3438 /* SearchResult.swift */ = {isa = PBXFileReference; fileEncoding = 4; lastKnownFileType = sourcecode.swift; path = SearchResult.swift; sourceTree = "<group>"; };
		67173C1E29365261005A3438 /* NetworkService.swift */ = {isa = PBXFileReference; fileEncoding = 4; lastKnownFileType = sourcecode.swift; path = NetworkService.swift; sourceTree = "<group>"; };
		67173C2029365267005A3438 /* NetworkDataFetcher.swift */ = {isa = PBXFileReference; fileEncoding = 4; lastKnownFileType = sourcecode.swift; path = NetworkDataFetcher.swift; sourceTree = "<group>"; };
		67E9DBB729353B8500D9522E /* ImageSearcher.app */ = {isa = PBXFileReference; explicitFileType = wrapper.application; includeInIndex = 0; path = ImageSearcher.app; sourceTree = BUILT_PRODUCTS_DIR; };
		67E9DBBA29353B8500D9522E /* AppDelegate.swift */ = {isa = PBXFileReference; lastKnownFileType = sourcecode.swift; path = AppDelegate.swift; sourceTree = "<group>"; };
		67E9DBBC29353B8500D9522E /* SceneDelegate.swift */ = {isa = PBXFileReference; lastKnownFileType = sourcecode.swift; path = SceneDelegate.swift; sourceTree = "<group>"; };
		67E9DBBE29353B8500D9522E /* MainViewController.swift */ = {isa = PBXFileReference; lastKnownFileType = sourcecode.swift; path = MainViewController.swift; sourceTree = "<group>"; };
		67E9DBC329353B8900D9522E /* Assets.xcassets */ = {isa = PBXFileReference; lastKnownFileType = folder.assetcatalog; path = Assets.xcassets; sourceTree = "<group>"; };
		67E9DBC629353B8900D9522E /* Base */ = {isa = PBXFileReference; lastKnownFileType = file.storyboard; name = Base; path = Base.lproj/LaunchScreen.storyboard; sourceTree = "<group>"; };
		67E9DBC829353B8900D9522E /* Info.plist */ = {isa = PBXFileReference; lastKnownFileType = text.plist.xml; path = Info.plist; sourceTree = "<group>"; };
		67E9DBD0293544AE00D9522E /* Storyboarded.swift */ = {isa = PBXFileReference; lastKnownFileType = sourcecode.swift; path = Storyboarded.swift; sourceTree = "<group>"; };
		67E9DBD22935452100D9522E /* AppCoordinator.swift */ = {isa = PBXFileReference; lastKnownFileType = sourcecode.swift; path = AppCoordinator.swift; sourceTree = "<group>"; };
		67E9DBD429354CED00D9522E /* BigPhotoViewController.swift */ = {isa = PBXFileReference; lastKnownFileType = sourcecode.swift; path = BigPhotoViewController.swift; sourceTree = "<group>"; };
/* End PBXFileReference section */

/* Begin PBXFrameworksBuildPhase section */
		67E9DBB429353B8500D9522E /* Frameworks */ = {
			isa = PBXFrameworksBuildPhase;
			buildActionMask = 2147483647;
			files = (
			);
			runOnlyForDeploymentPostprocessing = 0;
		};
/* End PBXFrameworksBuildPhase section */

/* Begin PBXGroup section */
		67173BE82935FBAA005A3438 /* Models */ = {
			isa = PBXGroup;
			children = (
				67173C1A29365215005A3438 /* SearchResult.swift */,
			);
			path = Models;
			sourceTree = "<group>";
		};
		67173BE92935FBB7005A3438 /* Views */ = {
			isa = PBXGroup;
			children = (
				67E9DBBE29353B8500D9522E /* MainViewController.swift */,
				67E9DBD429354CED00D9522E /* BigPhotoViewController.swift */,
			);
			path = Views;
			sourceTree = "<group>";
		};
		67173BEA2935FBBE005A3438 /* ViewModels */ = {
			isa = PBXGroup;
			children = (
				67173BEF2935FC4F005A3438 /* Bindings */,
				67173BED2935FC1A005A3438 /* MainViewModel.swift */,
			);
			path = ViewModels;
			sourceTree = "<group>";
		};
		67173BEB2935FBD6005A3438 /* App */ = {
			isa = PBXGroup;
			children = (
				67E9DBBA29353B8500D9522E /* AppDelegate.swift */,
				67E9DBBC29353B8500D9522E /* SceneDelegate.swift */,
			);
			path = App;
			sourceTree = "<group>";
		};
		67173BEC2935FBE9005A3438 /* Storyboards */ = {
			isa = PBXGroup;
			children = (
				67E9DBC529353B8900D9522E /* LaunchScreen.storyboard */,
			);
			path = Storyboards;
			sourceTree = "<group>";
		};
		67173BEF2935FC4F005A3438 /* Bindings */ = {
			isa = PBXGroup;
			children = (
				67173BF02935FC61005A3438 /* Dynamic.swift */,
			);
			path = Bindings;
			sourceTree = "<group>";
		};
		67173C1C29365236005A3438 /* Services */ = {
			isa = PBXGroup;
			children = (
				67173C1D29365257005A3438 /* Networking */,
			);
			path = Services;
			sourceTree = "<group>";
		};
		67173C1D29365257005A3438 /* Networking */ = {
			isa = PBXGroup;
			children = (
				67173C1E29365261005A3438 /* NetworkService.swift */,
				67173C2029365267005A3438 /* NetworkDataFetcher.swift */,
			);
			path = Networking;
			sourceTree = "<group>";
		};
		67E9DBAE29353B8500D9522E = {
			isa = PBXGroup;
			children = (
				67E9DBB929353B8500D9522E /* ImageSearcher */,
				67E9DBB829353B8500D9522E /* Products */,
			);
			sourceTree = "<group>";
		};
		67E9DBB829353B8500D9522E /* Products */ = {
			isa = PBXGroup;
			children = (
				67E9DBB729353B8500D9522E /* ImageSearcher.app */,
			);
			name = Products;
			sourceTree = "<group>";
		};
		67E9DBB929353B8500D9522E /* ImageSearcher */ = {
			isa = PBXGroup;
			children = (
				67173BEB2935FBD6005A3438 /* App */,
				67173BEC2935FBE9005A3438 /* Storyboards */,
				67173C1C29365236005A3438 /* Services */,
				67E9DBCE2935437100D9522E /* Coordinator */,
				67173BE82935FBAA005A3438 /* Models */,
				67173BE92935FBB7005A3438 /* Views */,
				67173BEA2935FBBE005A3438 /* ViewModels */,
				67E9DBC329353B8900D9522E /* Assets.xcassets */,
				67E9DBC829353B8900D9522E /* Info.plist */,
			);
			path = ImageSearcher;
			sourceTree = "<group>";
		};
		67E9DBCE2935437100D9522E /* Coordinator */ = {
			isa = PBXGroup;
			children = (
				67E9DBCF2935448F00D9522E /* Protocol */,
				67E9DBD22935452100D9522E /* AppCoordinator.swift */,
			);
			path = Coordinator;
			sourceTree = "<group>";
		};
		67E9DBCF2935448F00D9522E /* Protocol */ = {
			isa = PBXGroup;
			children = (
				67E9DBD0293544AE00D9522E /* Storyboarded.swift */,
			);
			path = Protocol;
			sourceTree = "<group>";
		};
/* End PBXGroup section */

/* Begin PBXNativeTarget section */
		67E9DBB629353B8500D9522E /* ImageSearcher */ = {
			isa = PBXNativeTarget;
			buildConfigurationList = 67E9DBCB29353B8900D9522E /* Build configuration list for PBXNativeTarget "ImageSearcher" */;
			buildPhases = (
				67E9DBB329353B8500D9522E /* Sources */,
				67E9DBB429353B8500D9522E /* Frameworks */,
				67E9DBB529353B8500D9522E /* Resources */,
			);
			buildRules = (
			);
			dependencies = (
			);
			name = ImageSearcher;
			productName = ImageSearcher;
			productReference = 67E9DBB729353B8500D9522E /* ImageSearcher.app */;
			productType = "com.apple.product-type.application";
		};
/* End PBXNativeTarget section */

/* Begin PBXProject section */
		67E9DBAF29353B8500D9522E /* Project object */ = {
			isa = PBXProject;
			attributes = {
				BuildIndependentTargetsInParallel = 1;
				LastSwiftUpdateCheck = 1330;
				LastUpgradeCheck = 1330;
				TargetAttributes = {
					67E9DBB629353B8500D9522E = {
						CreatedOnToolsVersion = 13.3.1;
					};
				};
			};
			buildConfigurationList = 67E9DBB229353B8500D9522E /* Build configuration list for PBXProject "ImageSearcher" */;
			compatibilityVersion = "Xcode 13.0";
			developmentRegion = en;
			hasScannedForEncodings = 0;
			knownRegions = (
				en,
				Base,
			);
			mainGroup = 67E9DBAE29353B8500D9522E;
			productRefGroup = 67E9DBB829353B8500D9522E /* Products */;
			projectDirPath = "";
			projectRoot = "";
			targets = (
				67E9DBB629353B8500D9522E /* ImageSearcher */,
			);
		};
/* End PBXProject section */

/* Begin PBXResourcesBuildPhase section */
		67E9DBB529353B8500D9522E /* Resources */ = {
			isa = PBXResourcesBuildPhase;
			buildActionMask = 2147483647;
			files = (
				67E9DBC729353B8900D9522E /* LaunchScreen.storyboard in Resources */,
				67E9DBC429353B8900D9522E /* Assets.xcassets in Resources */,
			);
			runOnlyForDeploymentPostprocessing = 0;
		};
/* End PBXResourcesBuildPhase section */

/* Begin PBXSourcesBuildPhase section */
		67E9DBB329353B8500D9522E /* Sources */ = {
			isa = PBXSourcesBuildPhase;
			buildActionMask = 2147483647;
			files = (
				67173C1F29365261005A3438 /* NetworkService.swift in Sources */,
				67173BEE2935FC1A005A3438 /* MainViewModel.swift in Sources */,
				67173C1B29365216005A3438 /* SearchResult.swift in Sources */,
				67173C2129365267005A3438 /* NetworkDataFetcher.swift in Sources */,
				67E9DBD529354CED00D9522E /* BigPhotoViewController.swift in Sources */,
				67E9DBBF29353B8500D9522E /* MainViewController.swift in Sources */,
				67E9DBBB29353B8500D9522E /* AppDelegate.swift in Sources */,
				67E9DBD32935452100D9522E /* AppCoordinator.swift in Sources */,
				67173BF12935FC61005A3438 /* Dynamic.swift in Sources */,
				67E9DBBD29353B8500D9522E /* SceneDelegate.swift in Sources */,
				67E9DBD1293544AE00D9522E /* Storyboarded.swift in Sources */,
			);
			runOnlyForDeploymentPostprocessing = 0;
		};
/* End PBXSourcesBuildPhase section */

/* Begin PBXVariantGroup section */
		67E9DBC529353B8900D9522E /* LaunchScreen.storyboard */ = {
			isa = PBXVariantGroup;
			children = (
				67E9DBC629353B8900D9522E /* Base */,
			);
			name = LaunchScreen.storyboard;
			sourceTree = "<group>";
		};
/* End PBXVariantGroup section */

/* Begin XCBuildConfiguration section */
		67E9DBC929353B8900D9522E /* Debug */ = {
			isa = XCBuildConfiguration;
			buildSettings = {
				ALWAYS_SEARCH_USER_PATHS = NO;
				CLANG_ANALYZER_NONNULL = YES;
				CLANG_ANALYZER_NUMBER_OBJECT_CONVERSION = YES_AGGRESSIVE;
				CLANG_CXX_LANGUAGE_STANDARD = "gnu++17";
				CLANG_ENABLE_MODULES = YES;
				CLANG_ENABLE_OBJC_ARC = YES;
				CLANG_ENABLE_OBJC_WEAK = YES;
				CLANG_WARN_BLOCK_CAPTURE_AUTORELEASING = YES;
				CLANG_WARN_BOOL_CONVERSION = YES;
				CLANG_WARN_COMMA = YES;
				CLANG_WARN_CONSTANT_CONVERSION = YES;
				CLANG_WARN_DEPRECATED_OBJC_IMPLEMENTATIONS = YES;
				CLANG_WARN_DIRECT_OBJC_ISA_USAGE = YES_ERROR;
				CLANG_WARN_DOCUMENTATION_COMMENTS = YES;
				CLANG_WARN_EMPTY_BODY = YES;
				CLANG_WARN_ENUM_CONVERSION = YES;
				CLANG_WARN_INFINITE_RECURSION = YES;
				CLANG_WARN_INT_CONVERSION = YES;
				CLANG_WARN_NON_LITERAL_NULL_CONVERSION = YES;
				CLANG_WARN_OBJC_IMPLICIT_RETAIN_SELF = YES;
				CLANG_WARN_OBJC_LITERAL_CONVERSION = YES;
				CLANG_WARN_OBJC_ROOT_CLASS = YES_ERROR;
				CLANG_WARN_QUOTED_INCLUDE_IN_FRAMEWORK_HEADER = YES;
				CLANG_WARN_RANGE_LOOP_ANALYSIS = YES;
				CLANG_WARN_STRICT_PROTOTYPES = YES;
				CLANG_WARN_SUSPICIOUS_MOVE = YES;
				CLANG_WARN_UNGUARDED_AVAILABILITY = YES_AGGRESSIVE;
				CLANG_WARN_UNREACHABLE_CODE = YES;
				CLANG_WARN__DUPLICATE_METHOD_MATCH = YES;
				COPY_PHASE_STRIP = NO;
				DEBUG_INFORMATION_FORMAT = dwarf;
				ENABLE_STRICT_OBJC_MSGSEND = YES;
				ENABLE_TESTABILITY = YES;
				GCC_C_LANGUAGE_STANDARD = gnu11;
				GCC_DYNAMIC_NO_PIC = NO;
				GCC_NO_COMMON_BLOCKS = YES;
				GCC_OPTIMIZATION_LEVEL = 0;
				GCC_PREPROCESSOR_DEFINITIONS = (
					"DEBUG=1",
					"$(inherited)",
				);
				GCC_WARN_64_TO_32_BIT_CONVERSION = YES;
				GCC_WARN_ABOUT_RETURN_TYPE = YES_ERROR;
				GCC_WARN_UNDECLARED_SELECTOR = YES;
				GCC_WARN_UNINITIALIZED_AUTOS = YES_AGGRESSIVE;
				GCC_WARN_UNUSED_FUNCTION = YES;
				GCC_WARN_UNUSED_VARIABLE = YES;
				IPHONEOS_DEPLOYMENT_TARGET = 15.4;
				MTL_ENABLE_DEBUG_INFO = INCLUDE_SOURCE;
				MTL_FAST_MATH = YES;
				ONLY_ACTIVE_ARCH = YES;
				SDKROOT = iphoneos;
				SWIFT_ACTIVE_COMPILATION_CONDITIONS = DEBUG;
				SWIFT_OPTIMIZATION_LEVEL = "-Onone";
			};
			name = Debug;
		};
		67E9DBCA29353B8900D9522E /* Release */ = {
			isa = XCBuildConfiguration;
			buildSettings = {
				ALWAYS_SEARCH_USER_PATHS = NO;
				CLANG_ANALYZER_NONNULL = YES;
				CLANG_ANALYZER_NUMBER_OBJECT_CONVERSION = YES_AGGRESSIVE;
				CLANG_CXX_LANGUAGE_STANDARD = "gnu++17";
				CLANG_ENABLE_MODULES = YES;
				CLANG_ENABLE_OBJC_ARC = YES;
				CLANG_ENABLE_OBJC_WEAK = YES;
				CLANG_WARN_BLOCK_CAPTURE_AUTORELEASING = YES;
				CLANG_WARN_BOOL_CONVERSION = YES;
				CLANG_WARN_COMMA = YES;
				CLANG_WARN_CONSTANT_CONVERSION = YES;
				CLANG_WARN_DEPRECATED_OBJC_IMPLEMENTATIONS = YES;
				CLANG_WARN_DIRECT_OBJC_ISA_USAGE = YES_ERROR;
				CLANG_WARN_DOCUMENTATION_COMMENTS = YES;
				CLANG_WARN_EMPTY_BODY = YES;
				CLANG_WARN_ENUM_CONVERSION = YES;
				CLANG_WARN_INFINITE_RECURSION = YES;
				CLANG_WARN_INT_CONVERSION = YES;
				CLANG_WARN_NON_LITERAL_NULL_CONVERSION = YES;
				CLANG_WARN_OBJC_IMPLICIT_RETAIN_SELF = YES;
				CLANG_WARN_OBJC_LITERAL_CONVERSION = YES;
				CLANG_WARN_OBJC_ROOT_CLASS = YES_ERROR;
				CLANG_WARN_QUOTED_INCLUDE_IN_FRAMEWORK_HEADER = YES;
				CLANG_WARN_RANGE_LOOP_ANALYSIS = YES;
				CLANG_WARN_STRICT_PROTOTYPES = YES;
				CLANG_WARN_SUSPICIOUS_MOVE = YES;
				CLANG_WARN_UNGUARDED_AVAILABILITY = YES_AGGRESSIVE;
				CLANG_WARN_UNREACHABLE_CODE = YES;
				CLANG_WARN__DUPLICATE_METHOD_MATCH = YES;
				COPY_PHASE_STRIP = NO;
				DEBUG_INFORMATION_FORMAT = "dwarf-with-dsym";
				ENABLE_NS_ASSERTIONS = NO;
				ENABLE_STRICT_OBJC_MSGSEND = YES;
				GCC_C_LANGUAGE_STANDARD = gnu11;
				GCC_NO_COMMON_BLOCKS = YES;
				GCC_WARN_64_TO_32_BIT_CONVERSION = YES;
				GCC_WARN_ABOUT_RETURN_TYPE = YES_ERROR;
				GCC_WARN_UNDECLARED_SELECTOR = YES;
				GCC_WARN_UNINITIALIZED_AUTOS = YES_AGGRESSIVE;
				GCC_WARN_UNUSED_FUNCTION = YES;
				GCC_WARN_UNUSED_VARIABLE = YES;
				IPHONEOS_DEPLOYMENT_TARGET = 15.4;
				MTL_ENABLE_DEBUG_INFO = NO;
				MTL_FAST_MATH = YES;
				SDKROOT = iphoneos;
				SWIFT_COMPILATION_MODE = wholemodule;
				SWIFT_OPTIMIZATION_LEVEL = "-O";
				VALIDATE_PRODUCT = YES;
			};
			name = Release;
		};
		67E9DBCC29353B8900D9522E /* Debug */ = {
			isa = XCBuildConfiguration;
			buildSettings = {
				ASSETCATALOG_COMPILER_APPICON_NAME = AppIcon;
				ASSETCATALOG_COMPILER_GLOBAL_ACCENT_COLOR_NAME = AccentColor;
				CODE_SIGN_STYLE = Automatic;
				CURRENT_PROJECT_VERSION = 1;
				DEVELOPMENT_TEAM = 67A656CXMY;
				GENERATE_INFOPLIST_FILE = YES;
				INFOPLIST_FILE = ImageSearcher/Info.plist;
				INFOPLIST_KEY_UIApplicationSupportsIndirectInputEvents = YES;
				INFOPLIST_KEY_UILaunchStoryboardName = LaunchScreen;
				INFOPLIST_KEY_UISupportedInterfaceOrientations = UIInterfaceOrientationPortrait;
				IPHONEOS_DEPLOYMENT_TARGET = 14.0;
				LD_RUNPATH_SEARCH_PATHS = (
					"$(inherited)",
					"@executable_path/Frameworks",
				);
				MARKETING_VERSION = 1.0;
				PRODUCT_BUNDLE_IDENTIFIER = Kyzu.ImageSearcher;
				PRODUCT_NAME = "$(TARGET_NAME)";
				SWIFT_EMIT_LOC_STRINGS = YES;
				SWIFT_VERSION = 5.0;
				TARGETED_DEVICE_FAMILY = 1;
			};
			name = Debug;
		};
		67E9DBCD29353B8900D9522E /* Release */ = {
			isa = XCBuildConfiguration;
			buildSettings = {
				ASSETCATALOG_COMPILER_APPICON_NAME = AppIcon;
				ASSETCATALOG_COMPILER_GLOBAL_ACCENT_COLOR_NAME = AccentColor;
				CODE_SIGN_STYLE = Automatic;
				CURRENT_PROJECT_VERSION = 1;
				DEVELOPMENT_TEAM = 67A656CXMY;
				GENERATE_INFOPLIST_FILE = YES;
				INFOPLIST_FILE = ImageSearcher/Info.plist;
				INFOPLIST_KEY_UIApplicationSupportsIndirectInputEvents = YES;
				INFOPLIST_KEY_UILaunchStoryboardName = LaunchScreen;
				INFOPLIST_KEY_UISupportedInterfaceOrientations = UIInterfaceOrientationPortrait;
				IPHONEOS_DEPLOYMENT_TARGET = 14.0;
				LD_RUNPATH_SEARCH_PATHS = (
					"$(inherited)",
					"@executable_path/Frameworks",
				);
				MARKETING_VERSION = 1.0;
				PRODUCT_BUNDLE_IDENTIFIER = Kyzu.ImageSearcher;
				PRODUCT_NAME = "$(TARGET_NAME)";
				SWIFT_EMIT_LOC_STRINGS = YES;
				SWIFT_VERSION = 5.0;
				TARGETED_DEVICE_FAMILY = 1;
			};
			name = Release;
		};
/* End XCBuildConfiguration section */

/* Begin XCConfigurationList section */
		67E9DBB229353B8500D9522E /* Build configuration list for PBXProject "ImageSearcher" */ = {
			isa = XCConfigurationList;
			buildConfigurations = (
				67E9DBC929353B8900D9522E /* Debug */,
				67E9DBCA29353B8900D9522E /* Release */,
			);
			defaultConfigurationIsVisible = 0;
			defaultConfigurationName = Release;
		};
		67E9DBCB29353B8900D9522E /* Build configuration list for PBXNativeTarget "ImageSearcher" */ = {
			isa = XCConfigurationList;
			buildConfigurations = (
				67E9DBCC29353B8900D9522E /* Debug */,
				67E9DBCD29353B8900D9522E /* Release */,
			);
			defaultConfigurationIsVisible = 0;
			defaultConfigurationName = Release;
		};
/* End XCConfigurationList section */
	};
	rootObject = 67E9DBAF29353B8500D9522E /* Project object */;
}
